// !$*UTF8*$!
{
	archiveVersion = 1;
	classes = {
	};
	objectVersion = 56;
	objects = {

/* Begin PBXBuildFile section */
		254B33A92A0802490097DDF3 /* FootPrintApp.swift in Sources */ = {isa = PBXBuildFile; fileRef = 254B33A82A0802490097DDF3 /* FootPrintApp.swift */; };
		254B33AB2A0802490097DDF3 /* ContentView.swift in Sources */ = {isa = PBXBuildFile; fileRef = 254B33AA2A0802490097DDF3 /* ContentView.swift */; };
		254B33AD2A08024A0097DDF3 /* Assets.xcassets in Resources */ = {isa = PBXBuildFile; fileRef = 254B33AC2A08024A0097DDF3 /* Assets.xcassets */; };
		254B33B02A08024A0097DDF3 /* Preview Assets.xcassets in Resources */ = {isa = PBXBuildFile; fileRef = 254B33AF2A08024A0097DDF3 /* Preview Assets.xcassets */; };
		254B33BA2A08024A0097DDF3 /* FootPrintTests.swift in Sources */ = {isa = PBXBuildFile; fileRef = 254B33B92A08024A0097DDF3 /* FootPrintTests.swift */; };
		254B33C42A08024A0097DDF3 /* FootPrintUITests.swift in Sources */ = {isa = PBXBuildFile; fileRef = 254B33C32A08024A0097DDF3 /* FootPrintUITests.swift */; };
		254B33C62A08024A0097DDF3 /* FootPrintUITestsLaunchTests.swift in Sources */ = {isa = PBXBuildFile; fileRef = 254B33C52A08024A0097DDF3 /* FootPrintUITestsLaunchTests.swift */; };
		254B33D62A0803110097DDF3 /* NetworkHandler.swift in Sources */ = {isa = PBXBuildFile; fileRef = 254B33D32A0803110097DDF3 /* NetworkHandler.swift */; };
		254B33D72A0803110097DDF3 /* URLSession+AnyPublisher.swift in Sources */ = {isa = PBXBuildFile; fileRef = 254B33D42A0803110097DDF3 /* URLSession+AnyPublisher.swift */; };
		254B33D82A0803110097DDF3 /* Endpoint.swift in Sources */ = {isa = PBXBuildFile; fileRef = 254B33D52A0803110097DDF3 /* Endpoint.swift */; };
/* End PBXBuildFile section */

/* Begin PBXContainerItemProxy section */
		254B33B62A08024A0097DDF3 /* PBXContainerItemProxy */ = {
			isa = PBXContainerItemProxy;
			containerPortal = 254B339D2A0802490097DDF3 /* Project object */;
			proxyType = 1;
			remoteGlobalIDString = 254B33A42A0802490097DDF3;
			remoteInfo = FootPrint;
		};
		254B33C02A08024A0097DDF3 /* PBXContainerItemProxy */ = {
			isa = PBXContainerItemProxy;
			containerPortal = 254B339D2A0802490097DDF3 /* Project object */;
			proxyType = 1;
			remoteGlobalIDString = 254B33A42A0802490097DDF3;
			remoteInfo = FootPrint;
		};
/* End PBXContainerItemProxy section */

/* Begin PBXFileReference section */
		254B33A52A0802490097DDF3 /* FootPrint.app */ = {isa = PBXFileReference; explicitFileType = wrapper.application; includeInIndex = 0; path = FootPrint.app; sourceTree = BUILT_PRODUCTS_DIR; };
		254B33A82A0802490097DDF3 /* FootPrintApp.swift */ = {isa = PBXFileReference; lastKnownFileType = sourcecode.swift; path = FootPrintApp.swift; sourceTree = "<group>"; };
		254B33AA2A0802490097DDF3 /* ContentView.swift */ = {isa = PBXFileReference; lastKnownFileType = sourcecode.swift; path = ContentView.swift; sourceTree = "<group>"; };
		254B33AC2A08024A0097DDF3 /* Assets.xcassets */ = {isa = PBXFileReference; lastKnownFileType = folder.assetcatalog; path = Assets.xcassets; sourceTree = "<group>"; };
		254B33AF2A08024A0097DDF3 /* Preview Assets.xcassets */ = {isa = PBXFileReference; lastKnownFileType = folder.assetcatalog; path = "Preview Assets.xcassets"; sourceTree = "<group>"; };
		254B33B52A08024A0097DDF3 /* FootPrintTests.xctest */ = {isa = PBXFileReference; explicitFileType = wrapper.cfbundle; includeInIndex = 0; path = FootPrintTests.xctest; sourceTree = BUILT_PRODUCTS_DIR; };
		254B33B92A08024A0097DDF3 /* FootPrintTests.swift */ = {isa = PBXFileReference; lastKnownFileType = sourcecode.swift; path = FootPrintTests.swift; sourceTree = "<group>"; };
		254B33BF2A08024A0097DDF3 /* FootPrintUITests.xctest */ = {isa = PBXFileReference; explicitFileType = wrapper.cfbundle; includeInIndex = 0; path = FootPrintUITests.xctest; sourceTree = BUILT_PRODUCTS_DIR; };
		254B33C32A08024A0097DDF3 /* FootPrintUITests.swift */ = {isa = PBXFileReference; lastKnownFileType = sourcecode.swift; path = FootPrintUITests.swift; sourceTree = "<group>"; };
		254B33C52A08024A0097DDF3 /* FootPrintUITestsLaunchTests.swift */ = {isa = PBXFileReference; lastKnownFileType = sourcecode.swift; path = FootPrintUITestsLaunchTests.swift; sourceTree = "<group>"; };
		254B33D32A0803110097DDF3 /* NetworkHandler.swift */ = {isa = PBXFileReference; fileEncoding = 4; lastKnownFileType = sourcecode.swift; path = NetworkHandler.swift; sourceTree = "<group>"; };
		254B33D42A0803110097DDF3 /* URLSession+AnyPublisher.swift */ = {isa = PBXFileReference; fileEncoding = 4; lastKnownFileType = sourcecode.swift; path = "URLSession+AnyPublisher.swift"; sourceTree = "<group>"; };
		254B33D52A0803110097DDF3 /* Endpoint.swift */ = {isa = PBXFileReference; fileEncoding = 4; lastKnownFileType = sourcecode.swift; path = Endpoint.swift; sourceTree = "<group>"; };
/* End PBXFileReference section */

/* Begin PBXFrameworksBuildPhase section */
		254B33A22A0802490097DDF3 /* Frameworks */ = {
			isa = PBXFrameworksBuildPhase;
			buildActionMask = 2147483647;
			files = (
			);
			runOnlyForDeploymentPostprocessing = 0;
		};
		254B33B22A08024A0097DDF3 /* Frameworks */ = {
			isa = PBXFrameworksBuildPhase;
			buildActionMask = 2147483647;
			files = (
			);
			runOnlyForDeploymentPostprocessing = 0;
		};
		254B33BC2A08024A0097DDF3 /* Frameworks */ = {
			isa = PBXFrameworksBuildPhase;
			buildActionMask = 2147483647;
			files = (
			);
			runOnlyForDeploymentPostprocessing = 0;
		};
/* End PBXFrameworksBuildPhase section */

/* Begin PBXGroup section */
		254B339C2A0802490097DDF3 = {
			isa = PBXGroup;
			children = (
				254B33A72A0802490097DDF3 /* FootPrint */,
				254B33B82A08024A0097DDF3 /* FootPrintTests */,
				254B33C22A08024A0097DDF3 /* FootPrintUITests */,
				254B33A62A0802490097DDF3 /* Products */,
			);
			sourceTree = "<group>";
		};
		254B33A62A0802490097DDF3 /* Products */ = {
			isa = PBXGroup;
			children = (
				254B33A52A0802490097DDF3 /* FootPrint.app */,
				254B33B52A08024A0097DDF3 /* FootPrintTests.xctest */,
				254B33BF2A08024A0097DDF3 /* FootPrintUITests.xctest */,
			);
			name = Products;
			sourceTree = "<group>";
		};
		254B33A72A0802490097DDF3 /* FootPrint */ = {
			isa = PBXGroup;
			children = (
				254B33D22A0803110097DDF3 /* Network */,
				254B33A82A0802490097DDF3 /* FootPrintApp.swift */,
				254B33AA2A0802490097DDF3 /* ContentView.swift */,
				254B33AC2A08024A0097DDF3 /* Assets.xcassets */,
				254B33AE2A08024A0097DDF3 /* Preview Content */,
			);
			path = FootPrint;
			sourceTree = "<group>";
		};
		254B33AE2A08024A0097DDF3 /* Preview Content */ = {
			isa = PBXGroup;
			children = (
				254B33AF2A08024A0097DDF3 /* Preview Assets.xcassets */,
			);
			path = "Preview Content";
			sourceTree = "<group>";
		};
		254B33B82A08024A0097DDF3 /* FootPrintTests */ = {
			isa = PBXGroup;
			children = (
				254B33B92A08024A0097DDF3 /* FootPrintTests.swift */,
			);
			path = FootPrintTests;
			sourceTree = "<group>";
		};
		254B33C22A08024A0097DDF3 /* FootPrintUITests */ = {
			isa = PBXGroup;
			children = (
				254B33C32A08024A0097DDF3 /* FootPrintUITests.swift */,
				254B33C52A08024A0097DDF3 /* FootPrintUITestsLaunchTests.swift */,
			);
			path = FootPrintUITests;
			sourceTree = "<group>";
		};
		254B33D22A0803110097DDF3 /* Network */ = {
			isa = PBXGroup;
			children = (
				254B33D32A0803110097DDF3 /* NetworkHandler.swift */,
				254B33D42A0803110097DDF3 /* URLSession+AnyPublisher.swift */,
				254B33D52A0803110097DDF3 /* Endpoint.swift */,
			);
			path = Network;
			sourceTree = "<group>";
		};
/* End PBXGroup section */

/* Begin PBXNativeTarget section */
		254B33A42A0802490097DDF3 /* FootPrint */ = {
			isa = PBXNativeTarget;
			buildConfigurationList = 254B33C92A08024A0097DDF3 /* Build configuration list for PBXNativeTarget "FootPrint" */;
			buildPhases = (
				254B33A12A0802490097DDF3 /* Sources */,
				254B33A22A0802490097DDF3 /* Frameworks */,
				254B33A32A0802490097DDF3 /* Resources */,
			);
			buildRules = (
			);
			dependencies = (
			);
			name = FootPrint;
			productName = FootPrint;
			productReference = 254B33A52A0802490097DDF3 /* FootPrint.app */;
			productType = "com.apple.product-type.application";
		};
		254B33B42A08024A0097DDF3 /* FootPrintTests */ = {
			isa = PBXNativeTarget;
			buildConfigurationList = 254B33CC2A08024A0097DDF3 /* Build configuration list for PBXNativeTarget "FootPrintTests" */;
			buildPhases = (
				254B33B12A08024A0097DDF3 /* Sources */,
				254B33B22A08024A0097DDF3 /* Frameworks */,
				254B33B32A08024A0097DDF3 /* Resources */,
			);
			buildRules = (
			);
			dependencies = (
				254B33B72A08024A0097DDF3 /* PBXTargetDependency */,
			);
			name = FootPrintTests;
			productName = FootPrintTests;
			productReference = 254B33B52A08024A0097DDF3 /* FootPrintTests.xctest */;
			productType = "com.apple.product-type.bundle.unit-test";
		};
		254B33BE2A08024A0097DDF3 /* FootPrintUITests */ = {
			isa = PBXNativeTarget;
			buildConfigurationList = 254B33CF2A08024A0097DDF3 /* Build configuration list for PBXNativeTarget "FootPrintUITests" */;
			buildPhases = (
				254B33BB2A08024A0097DDF3 /* Sources */,
				254B33BC2A08024A0097DDF3 /* Frameworks */,
				254B33BD2A08024A0097DDF3 /* Resources */,
			);
			buildRules = (
			);
			dependencies = (
				254B33C12A08024A0097DDF3 /* PBXTargetDependency */,
			);
			name = FootPrintUITests;
			productName = FootPrintUITests;
			productReference = 254B33BF2A08024A0097DDF3 /* FootPrintUITests.xctest */;
			productType = "com.apple.product-type.bundle.ui-testing";
		};
/* End PBXNativeTarget section */

/* Begin PBXProject section */
		254B339D2A0802490097DDF3 /* Project object */ = {
			isa = PBXProject;
			attributes = {
				BuildIndependentTargetsInParallel = 1;
				LastSwiftUpdateCheck = 1430;
				LastUpgradeCheck = 1430;
				TargetAttributes = {
					254B33A42A0802490097DDF3 = {
						CreatedOnToolsVersion = 14.3;
					};
					254B33B42A08024A0097DDF3 = {
						CreatedOnToolsVersion = 14.3;
						TestTargetID = 254B33A42A0802490097DDF3;
					};
					254B33BE2A08024A0097DDF3 = {
						CreatedOnToolsVersion = 14.3;
						TestTargetID = 254B33A42A0802490097DDF3;
					};
				};
			};
			buildConfigurationList = 254B33A02A0802490097DDF3 /* Build configuration list for PBXProject "FootPrint" */;
			compatibilityVersion = "Xcode 14.0";
			developmentRegion = en;
			hasScannedForEncodings = 0;
			knownRegions = (
				en,
				Base,
			);
			mainGroup = 254B339C2A0802490097DDF3;
			productRefGroup = 254B33A62A0802490097DDF3 /* Products */;
			projectDirPath = "";
			projectRoot = "";
			targets = (
				254B33A42A0802490097DDF3 /* FootPrint */,
				254B33B42A08024A0097DDF3 /* FootPrintTests */,
				254B33BE2A08024A0097DDF3 /* FootPrintUITests */,
			);
		};
/* End PBXProject section */

/* Begin PBXResourcesBuildPhase section */
		254B33A32A0802490097DDF3 /* Resources */ = {
			isa = PBXResourcesBuildPhase;
			buildActionMask = 2147483647;
			files = (
				254B33B02A08024A0097DDF3 /* Preview Assets.xcassets in Resources */,
				254B33AD2A08024A0097DDF3 /* Assets.xcassets in Resources */,
			);
			runOnlyForDeploymentPostprocessing = 0;
		};
		254B33B32A08024A0097DDF3 /* Resources */ = {
			isa = PBXResourcesBuildPhase;
			buildActionMask = 2147483647;
			files = (
			);
			runOnlyForDeploymentPostprocessing = 0;
		};
		254B33BD2A08024A0097DDF3 /* Resources */ = {
			isa = PBXResourcesBuildPhase;
			buildActionMask = 2147483647;
			files = (
			);
			runOnlyForDeploymentPostprocessing = 0;
		};
/* End PBXResourcesBuildPhase section */

/* Begin PBXSourcesBuildPhase section */
		254B33A12A0802490097DDF3 /* Sources */ = {
			isa = PBXSourcesBuildPhase;
			buildActionMask = 2147483647;
			files = (
				254B33D72A0803110097DDF3 /* URLSession+AnyPublisher.swift in Sources */,
				254B33AB2A0802490097DDF3 /* ContentView.swift in Sources */,
				254B33A92A0802490097DDF3 /* FootPrintApp.swift in Sources */,
				254B33D62A0803110097DDF3 /* NetworkHandler.swift in Sources */,
				254B33D82A0803110097DDF3 /* Endpoint.swift in Sources */,
			);
			runOnlyForDeploymentPostprocessing = 0;
		};
		254B33B12A08024A0097DDF3 /* Sources */ = {
			isa = PBXSourcesBuildPhase;
			buildActionMask = 2147483647;
			files = (
				254B33BA2A08024A0097DDF3 /* FootPrintTests.swift in Sources */,
			);
			runOnlyForDeploymentPostprocessing = 0;
		};
		254B33BB2A08024A0097DDF3 /* Sources */ = {
			isa = PBXSourcesBuildPhase;
			buildActionMask = 2147483647;
			files = (
				254B33C62A08024A0097DDF3 /* FootPrintUITestsLaunchTests.swift in Sources */,
				254B33C42A08024A0097DDF3 /* FootPrintUITests.swift in Sources */,
			);
			runOnlyForDeploymentPostprocessing = 0;
		};
/* End PBXSourcesBuildPhase section */

/* Begin PBXTargetDependency section */
		254B33B72A08024A0097DDF3 /* PBXTargetDependency */ = {
			isa = PBXTargetDependency;
			target = 254B33A42A0802490097DDF3 /* FootPrint */;
			targetProxy = 254B33B62A08024A0097DDF3 /* PBXContainerItemProxy */;
		};
		254B33C12A08024A0097DDF3 /* PBXTargetDependency */ = {
			isa = PBXTargetDependency;
			target = 254B33A42A0802490097DDF3 /* FootPrint */;
			targetProxy = 254B33C02A08024A0097DDF3 /* PBXContainerItemProxy */;
		};
/* End PBXTargetDependency section */

/* Begin XCBuildConfiguration section */
		254B33C72A08024A0097DDF3 /* Debug */ = {
			isa = XCBuildConfiguration;
			buildSettings = {
				ALWAYS_SEARCH_USER_PATHS = NO;
				CLANG_ANALYZER_NONNULL = YES;
				CLANG_ANALYZER_NUMBER_OBJECT_CONVERSION = YES_AGGRESSIVE;
				CLANG_CXX_LANGUAGE_STANDARD = "gnu++20";
				CLANG_ENABLE_MODULES = YES;
				CLANG_ENABLE_OBJC_ARC = YES;
				CLANG_ENABLE_OBJC_WEAK = YES;
				CLANG_WARN_BLOCK_CAPTURE_AUTORELEASING = YES;
				CLANG_WARN_BOOL_CONVERSION = YES;
				CLANG_WARN_COMMA = YES;
				CLANG_WARN_CONSTANT_CONVERSION = YES;
				CLANG_WARN_DEPRECATED_OBJC_IMPLEMENTATIONS = YES;
				CLANG_WARN_DIRECT_OBJC_ISA_USAGE = YES_ERROR;
				CLANG_WARN_DOCUMENTATION_COMMENTS = YES;
				CLANG_WARN_EMPTY_BODY = YES;
				CLANG_WARN_ENUM_CONVERSION = YES;
				CLANG_WARN_INFINITE_RECURSION = YES;
				CLANG_WARN_INT_CONVERSION = YES;
				CLANG_WARN_NON_LITERAL_NULL_CONVERSION = YES;
				CLANG_WARN_OBJC_IMPLICIT_RETAIN_SELF = YES;
				CLANG_WARN_OBJC_LITERAL_CONVERSION = YES;
				CLANG_WARN_OBJC_ROOT_CLASS = YES_ERROR;
				CLANG_WARN_QUOTED_INCLUDE_IN_FRAMEWORK_HEADER = YES;
				CLANG_WARN_RANGE_LOOP_ANALYSIS = YES;
				CLANG_WARN_STRICT_PROTOTYPES = YES;
				CLANG_WARN_SUSPICIOUS_MOVE = YES;
				CLANG_WARN_UNGUARDED_AVAILABILITY = YES_AGGRESSIVE;
				CLANG_WARN_UNREACHABLE_CODE = YES;
				CLANG_WARN__DUPLICATE_METHOD_MATCH = YES;
				COPY_PHASE_STRIP = NO;
				DEBUG_INFORMATION_FORMAT = dwarf;
				ENABLE_STRICT_OBJC_MSGSEND = YES;
				ENABLE_TESTABILITY = YES;
				GCC_C_LANGUAGE_STANDARD = gnu11;
				GCC_DYNAMIC_NO_PIC = NO;
				GCC_NO_COMMON_BLOCKS = YES;
				GCC_OPTIMIZATION_LEVEL = 0;
				GCC_PREPROCESSOR_DEFINITIONS = (
					"DEBUG=1",
					"$(inherited)",
				);
				GCC_WARN_64_TO_32_BIT_CONVERSION = YES;
				GCC_WARN_ABOUT_RETURN_TYPE = YES_ERROR;
				GCC_WARN_UNDECLARED_SELECTOR = YES;
				GCC_WARN_UNINITIALIZED_AUTOS = YES_AGGRESSIVE;
				GCC_WARN_UNUSED_FUNCTION = YES;
				GCC_WARN_UNUSED_VARIABLE = YES;
				IPHONEOS_DEPLOYMENT_TARGET = 16.4;
				MTL_ENABLE_DEBUG_INFO = INCLUDE_SOURCE;
				MTL_FAST_MATH = YES;
				ONLY_ACTIVE_ARCH = YES;
				SDKROOT = iphoneos;
				SWIFT_ACTIVE_COMPILATION_CONDITIONS = DEBUG;
				SWIFT_OPTIMIZATION_LEVEL = "-Onone";
			};
			name = Debug;
		};
		254B33C82A08024A0097DDF3 /* Release */ = {
			isa = XCBuildConfiguration;
			buildSettings = {
				ALWAYS_SEARCH_USER_PATHS = NO;
				CLANG_ANALYZER_NONNULL = YES;
				CLANG_ANALYZER_NUMBER_OBJECT_CONVERSION = YES_AGGRESSIVE;
				CLANG_CXX_LANGUAGE_STANDARD = "gnu++20";
				CLANG_ENABLE_MODULES = YES;
				CLANG_ENABLE_OBJC_ARC = YES;
				CLANG_ENABLE_OBJC_WEAK = YES;
				CLANG_WARN_BLOCK_CAPTURE_AUTORELEASING = YES;
				CLANG_WARN_BOOL_CONVERSION = YES;
				CLANG_WARN_COMMA = YES;
				CLANG_WARN_CONSTANT_CONVERSION = YES;
				CLANG_WARN_DEPRECATED_OBJC_IMPLEMENTATIONS = YES;
				CLANG_WARN_DIRECT_OBJC_ISA_USAGE = YES_ERROR;
				CLANG_WARN_DOCUMENTATION_COMMENTS = YES;
				CLANG_WARN_EMPTY_BODY = YES;
				CLANG_WARN_ENUM_CONVERSION = YES;
				CLANG_WARN_INFINITE_RECURSION = YES;
				CLANG_WARN_INT_CONVERSION = YES;
				CLANG_WARN_NON_LITERAL_NULL_CONVERSION = YES;
				CLANG_WARN_OBJC_IMPLICIT_RETAIN_SELF = YES;
				CLANG_WARN_OBJC_LITERAL_CONVERSION = YES;
				CLANG_WARN_OBJC_ROOT_CLASS = YES_ERROR;
				CLANG_WARN_QUOTED_INCLUDE_IN_FRAMEWORK_HEADER = YES;
				CLANG_WARN_RANGE_LOOP_ANALYSIS = YES;
				CLANG_WARN_STRICT_PROTOTYPES = YES;
				CLANG_WARN_SUSPICIOUS_MOVE = YES;
				CLANG_WARN_UNGUARDED_AVAILABILITY = YES_AGGRESSIVE;
				CLANG_WARN_UNREACHABLE_CODE = YES;
				CLANG_WARN__DUPLICATE_METHOD_MATCH = YES;
				COPY_PHASE_STRIP = NO;
				DEBUG_INFORMATION_FORMAT = "dwarf-with-dsym";
				ENABLE_NS_ASSERTIONS = NO;
				ENABLE_STRICT_OBJC_MSGSEND = YES;
				GCC_C_LANGUAGE_STANDARD = gnu11;
				GCC_NO_COMMON_BLOCKS = YES;
				GCC_WARN_64_TO_32_BIT_CONVERSION = YES;
				GCC_WARN_ABOUT_RETURN_TYPE = YES_ERROR;
				GCC_WARN_UNDECLARED_SELECTOR = YES;
				GCC_WARN_UNINITIALIZED_AUTOS = YES_AGGRESSIVE;
				GCC_WARN_UNUSED_FUNCTION = YES;
				GCC_WARN_UNUSED_VARIABLE = YES;
				IPHONEOS_DEPLOYMENT_TARGET = 16.4;
				MTL_ENABLE_DEBUG_INFO = NO;
				MTL_FAST_MATH = YES;
				SDKROOT = iphoneos;
				SWIFT_COMPILATION_MODE = wholemodule;
				SWIFT_OPTIMIZATION_LEVEL = "-O";
				VALIDATE_PRODUCT = YES;
			};
			name = Release;
		};
		254B33CA2A08024A0097DDF3 /* Debug */ = {
			isa = XCBuildConfiguration;
			buildSettings = {
				ASSETCATALOG_COMPILER_APPICON_NAME = AppIcon;
				ASSETCATALOG_COMPILER_GLOBAL_ACCENT_COLOR_NAME = AccentColor;
				CODE_SIGN_STYLE = Automatic;
				CURRENT_PROJECT_VERSION = 1;
				DEVELOPMENT_ASSET_PATHS = "\"FootPrint/Preview Content\"";
				DEVELOPMENT_TEAM = YBX6HFH9NJ;
				ENABLE_PREVIEWS = YES;
				GENERATE_INFOPLIST_FILE = YES;
				INFOPLIST_KEY_UIApplicationSceneManifest_Generation = YES;
				INFOPLIST_KEY_UIApplicationSupportsIndirectInputEvents = YES;
				INFOPLIST_KEY_UILaunchScreen_Generation = YES;
				INFOPLIST_KEY_UISupportedInterfaceOrientations_iPad = "UIInterfaceOrientationPortrait UIInterfaceOrientationPortraitUpsideDown UIInterfaceOrientationLandscapeLeft UIInterfaceOrientationLandscapeRight";
				INFOPLIST_KEY_UISupportedInterfaceOrientations_iPhone = "UIInterfaceOrientationPortrait UIInterfaceOrientationLandscapeLeft UIInterfaceOrientationLandscapeRight";
				LD_RUNPATH_SEARCH_PATHS = (
					"$(inherited)",
					"@executable_path/Frameworks",
				);
				MARKETING_VERSION = 1.0;
				PRODUCT_BUNDLE_IDENTIFIER = com.sasi.FootPrint;
				PRODUCT_NAME = "$(TARGET_NAME)";
				SWIFT_EMIT_LOC_STRINGS = YES;
				SWIFT_VERSION = 5.0;
				TARGETED_DEVICE_FAMILY = "1,2";
			};
			name = Debug;
		};
		254B33CB2A08024A0097DDF3 /* Release */ = {
			isa = XCBuildConfiguration;
			buildSettings = {
				ASSETCATALOG_COMPILER_APPICON_NAME = AppIcon;
				ASSETCATALOG_COMPILER_GLOBAL_ACCENT_COLOR_NAME = AccentColor;
				CODE_SIGN_STYLE = Automatic;
				CURRENT_PROJECT_VERSION = 1;
				DEVELOPMENT_ASSET_PATHS = "\"FootPrint/Preview Content\"";
				DEVELOPMENT_TEAM = YBX6HFH9NJ;
				ENABLE_PREVIEWS = YES;
				GENERATE_INFOPLIST_FILE = YES;
				INFOPLIST_KEY_UIApplicationSceneManifest_Generation = YES;
				INFOPLIST_KEY_UIApplicationSupportsIndirectInputEvents = YES;
				INFOPLIST_KEY_UILaunchScreen_Generation = YES;
				INFOPLIST_KEY_UISupportedInterfaceOrientations_iPad = "UIInterfaceOrientationPortrait UIInterfaceOrientationPortraitUpsideDown UIInterfaceOrientationLandscapeLeft UIInterfaceOrientationLandscapeRight";
				INFOPLIST_KEY_UISupportedInterfaceOrientations_iPhone = "UIInterfaceOrientationPortrait UIInterfaceOrientationLandscapeLeft UIInterfaceOrientationLandscapeRight";
				LD_RUNPATH_SEARCH_PATHS = (
					"$(inherited)",
					"@executable_path/Frameworks",
				);
				MARKETING_VERSION = 1.0;
				PRODUCT_BUNDLE_IDENTIFIER = com.sasi.FootPrint;
				PRODUCT_NAME = "$(TARGET_NAME)";
				SWIFT_EMIT_LOC_STRINGS = YES;
				SWIFT_VERSION = 5.0;
				TARGETED_DEVICE_FAMILY = "1,2";
			};
			name = Release;
		};
		254B33CD2A08024A0097DDF3 /* Debug */ = {
			isa = XCBuildConfiguration;
			buildSettings = {
				ALWAYS_EMBED_SWIFT_STANDARD_LIBRARIES = YES;
				BUNDLE_LOADER = "$(TEST_HOST)";
				CODE_SIGN_STYLE = Automatic;
				CURRENT_PROJECT_VERSION = 1;
				DEVELOPMENT_TEAM = YBX6HFH9NJ;
				GENERATE_INFOPLIST_FILE = YES;
				IPHONEOS_DEPLOYMENT_TARGET = 16.4;
				MARKETING_VERSION = 1.0;
				PRODUCT_BUNDLE_IDENTIFIER = com.sasi.FootPrintTests;
				PRODUCT_NAME = "$(TARGET_NAME)";
				SWIFT_EMIT_LOC_STRINGS = NO;
				SWIFT_VERSION = 5.0;
				TARGETED_DEVICE_FAMILY = "1,2";
				TEST_HOST = "$(BUILT_PRODUCTS_DIR)/FootPrint.app/$(BUNDLE_EXECUTABLE_FOLDER_PATH)/FootPrint";
			};
			name = Debug;
		};
		254B33CE2A08024A0097DDF3 /* Release */ = {
			isa = XCBuildConfiguration;
			buildSettings = {
				ALWAYS_EMBED_SWIFT_STANDARD_LIBRARIES = YES;
				BUNDLE_LOADER = "$(TEST_HOST)";
				CODE_SIGN_STYLE = Automatic;
				CURRENT_PROJECT_VERSION = 1;
				DEVELOPMENT_TEAM = YBX6HFH9NJ;
				GENERATE_INFOPLIST_FILE = YES;
				IPHONEOS_DEPLOYMENT_TARGET = 16.4;
				MARKETING_VERSION = 1.0;
				PRODUCT_BUNDLE_IDENTIFIER = com.sasi.FootPrintTests;
				PRODUCT_NAME = "$(TARGET_NAME)";
				SWIFT_EMIT_LOC_STRINGS = NO;
				SWIFT_VERSION = 5.0;
				TARGETED_DEVICE_FAMILY = "1,2";
				TEST_HOST = "$(BUILT_PRODUCTS_DIR)/FootPrint.app/$(BUNDLE_EXECUTABLE_FOLDER_PATH)/FootPrint";
			};
			name = Release;
		};
		254B33D02A08024A0097DDF3 /* Debug */ = {
			isa = XCBuildConfiguration;
			buildSettings = {
				ALWAYS_EMBED_SWIFT_STANDARD_LIBRARIES = YES;
				CODE_SIGN_STYLE = Automatic;
				CURRENT_PROJECT_VERSION = 1;
				DEVELOPMENT_TEAM = YBX6HFH9NJ;
				GENERATE_INFOPLIST_FILE = YES;
				MARKETING_VERSION = 1.0;
				PRODUCT_BUNDLE_IDENTIFIER = com.sasi.FootPrintUITests;
				PRODUCT_NAME = "$(TARGET_NAME)";
				SWIFT_EMIT_LOC_STRINGS = NO;
				SWIFT_VERSION = 5.0;
				TARGETED_DEVICE_FAMILY = "1,2";
				TEST_TARGET_NAME = FootPrint;
			};
			name = Debug;
		};
		254B33D12A08024A0097DDF3 /* Release */ = {
			isa = XCBuildConfiguration;
			buildSettings = {
				ALWAYS_EMBED_SWIFT_STANDARD_LIBRARIES = YES;
				CODE_SIGN_STYLE = Automatic;
				CURRENT_PROJECT_VERSION = 1;
				DEVELOPMENT_TEAM = YBX6HFH9NJ;
				GENERATE_INFOPLIST_FILE = YES;
				MARKETING_VERSION = 1.0;
				PRODUCT_BUNDLE_IDENTIFIER = com.sasi.FootPrintUITests;
				PRODUCT_NAME = "$(TARGET_NAME)";
				SWIFT_EMIT_LOC_STRINGS = NO;
				SWIFT_VERSION = 5.0;
				TARGETED_DEVICE_FAMILY = "1,2";
				TEST_TARGET_NAME = FootPrint;
			};
			name = Release;
		};
/* End XCBuildConfiguration section */

/* Begin XCConfigurationList section */
		254B33A02A0802490097DDF3 /* Build configuration list for PBXProject "FootPrint" */ = {
			isa = XCConfigurationList;
			buildConfigurations = (
				254B33C72A08024A0097DDF3 /* Debug */,
				254B33C82A08024A0097DDF3 /* Release */,
			);
			defaultConfigurationIsVisible = 0;
			defaultConfigurationName = Release;
		};
		254B33C92A08024A0097DDF3 /* Build configuration list for PBXNativeTarget "FootPrint" */ = {
			isa = XCConfigurationList;
			buildConfigurations = (
				254B33CA2A08024A0097DDF3 /* Debug */,
				254B33CB2A08024A0097DDF3 /* Release */,
			);
			defaultConfigurationIsVisible = 0;
			defaultConfigurationName = Release;
		};
		254B33CC2A08024A0097DDF3 /* Build configuration list for PBXNativeTarget "FootPrintTests" */ = {
			isa = XCConfigurationList;
			buildConfigurations = (
				254B33CD2A08024A0097DDF3 /* Debug */,
				254B33CE2A08024A0097DDF3 /* Release */,
			);
			defaultConfigurationIsVisible = 0;
			defaultConfigurationName = Release;
		};
		254B33CF2A08024A0097DDF3 /* Build configuration list for PBXNativeTarget "FootPrintUITests" */ = {
			isa = XCConfigurationList;
			buildConfigurations = (
				254B33D02A08024A0097DDF3 /* Debug */,
				254B33D12A08024A0097DDF3 /* Release */,
			);
			defaultConfigurationIsVisible = 0;
			defaultConfigurationName = Release;
		};
/* End XCConfigurationList section */
	};
	rootObject = 254B339D2A0802490097DDF3 /* Project object */;
}
